PODS:
  - IGListKit (3.0.0):
    - IGListKit/Default (= 3.0.0)
  - IGListKit/Default (3.0.0):
    - IGListKit/Diffing
  - IGListKit/Diffing (3.0.0)
  - Masonry (1.1.0)
  - SWRevealViewController (2.3.0)

DEPENDENCIES:
  - IGListKit (= 3.0)
  - Masonry
  - SWRevealViewController

SPEC REPOS:
  trunk:
    - IGListKit
    - Masonry
    - SWRevealViewController

SPEC CHECKSUMS:
  IGListKit: 9eab6856a15fa25ad72018ff9d9eb2178c240fff
  Masonry: 678fab65091a9290e40e2832a55e7ab731aad201
  SWRevealViewController: 6d3fd97f70112fd7cef9de14df4260eacce4c63a

PODFILE CHECKSUM: 98b206ac178c4dce219fe6d05b7f9f0abfac944f

COCOAPODS: 1.8.4
