// !$*UTF8*$!
{
	archiveVersion = 1;
	classes = {
	};
	objectVersion = 51;
	objects = {

/* Begin PBXBuildFile section */
		500D41534EB42241E27A04B5 /* Pods_Secret_Santa_Nonsense.framework in Frameworks */ = {isa = PBXBuildFile; fileRef = 03FE008FE5DA99D116381230 /* Pods_Secret_Santa_Nonsense.framework */; };
		7365AC49213632F0DCF04DEE /* Pods_Secret_Santa_Nonsense_Secret_Santa_NonsenseUITests.framework in Frameworks */ = {isa = PBXBuildFile; fileRef = BF401D44B8BAB91D2F1B2CF3 /* Pods_Secret_Santa_Nonsense_Secret_Santa_NonsenseUITests.framework */; };
		96790B79243A1C330005BF59 /* BaseViewController.m in Sources */ = {isa = PBXBuildFile; fileRef = 96790B78243A1C330005BF59 /* BaseViewController.m */; };
		96790B7C243A2ADA0005BF59 /* HomeShopCategoryCollectionViewCell.m in Sources */ = {isa = PBXBuildFile; fileRef = 96790B7B243A2ADA0005BF59 /* HomeShopCategoryCollectionViewCell.m */; };
		96790B7F243A2B090005BF59 /* HomeShopCategoryCollection.m in Sources */ = {isa = PBXBuildFile; fileRef = 96790B7E243A2B090005BF59 /* HomeShopCategoryCollection.m */; };
		96790B82243A2B240005BF59 /* HomeShopCategorySectionController.m in Sources */ = {isa = PBXBuildFile; fileRef = 96790B81243A2B240005BF59 /* HomeShopCategorySectionController.m */; };
		968EA50D2434269400286892 /* HomeGroupListSectionController.m in Sources */ = {isa = PBXBuildFile; fileRef = 968EA50C2434269400286892 /* HomeGroupListSectionController.m */; };
		968EA511243428C100286892 /* HomeGroupListCollection.m in Sources */ = {isa = PBXBuildFile; fileRef = 968EA510243428C100286892 /* HomeGroupListCollection.m */; };
		968EA51624342A2200286892 /* IGListDiffableArray.m in Sources */ = {isa = PBXBuildFile; fileRef = 968EA51524342A2200286892 /* IGListDiffableArray.m */; };
		968EA51B24342CC100286892 /* HomeGroupListCollectionViewCell.m in Sources */ = {isa = PBXBuildFile; fileRef = 968EA51A24342CC100286892 /* HomeGroupListCollectionViewCell.m */; };
		968EA51E24342E0800286892 /* SecretSantaGroup.m in Sources */ = {isa = PBXBuildFile; fileRef = 968EA51D24342E0800286892 /* SecretSantaGroup.m */; };
		9693B48823D298790037C38A /* AppDelegate.m in Sources */ = {isa = PBXBuildFile; fileRef = 9693B48723D298790037C38A /* AppDelegate.m */; };
		9693B49323D2987D0037C38A /* Assets.xcassets in Resources */ = {isa = PBXBuildFile; fileRef = 9693B49223D2987D0037C38A /* Assets.xcassets */; };
		9693B49923D2987D0037C38A /* main.m in Sources */ = {isa = PBXBuildFile; fileRef = 9693B49823D2987D0037C38A /* main.m */; };
		9693B4A323D2987E0037C38A /* Secret_Santa_NonsenseTests.m in Sources */ = {isa = PBXBuildFile; fileRef = 9693B4A223D2987E0037C38A /* Secret_Santa_NonsenseTests.m */; };
		9693B4AE23D2987E0037C38A /* Secret_Santa_NonsenseUITests.m in Sources */ = {isa = PBXBuildFile; fileRef = 9693B4AD23D2987E0037C38A /* Secret_Santa_NonsenseUITests.m */; };
		9693B4C923D2A7DA0037C38A /* MainMenuViewController.m in Sources */ = {isa = PBXBuildFile; fileRef = 9693B4C823D2A7DA0037C38A /* MainMenuViewController.m */; };
		9693B4CC23D2B5630037C38A /* Launch Screen.storyboard in Resources */ = {isa = PBXBuildFile; fileRef = 9693B4CB23D2B5630037C38A /* Launch Screen.storyboard */; };
		9693B4CF23D2BD550037C38A /* SideMenuViewController.m in Sources */ = {isa = PBXBuildFile; fileRef = 9693B4CE23D2BD550037C38A /* SideMenuViewController.m */; };
		9693B4D323D357A70037C38A /* UIColor+ExtensionMethods.m in Sources */ = {isa = PBXBuildFile; fileRef = 9693B4D223D357A70037C38A /* UIColor+ExtensionMethods.m */; };
		9693B4D623D38A2C0037C38A /* GiftExchangesViewController.m in Sources */ = {isa = PBXBuildFile; fileRef = 9693B4D523D38A2C0037C38A /* GiftExchangesViewController.m */; };
		9693B4D923D3AF120037C38A /* WishListViewController.m in Sources */ = {isa = PBXBuildFile; fileRef = 9693B4D823D3AF120037C38A /* WishListViewController.m */; };
		9693B4DC23D3B3EB0037C38A /* AccountViewController.m in Sources */ = {isa = PBXBuildFile; fileRef = 9693B4DB23D3B3EB0037C38A /* AccountViewController.m */; };
		A4AF41361C9E50ECC576C872 /* Pods_Secret_Santa_NonsenseTests.framework in Frameworks */ = {isa = PBXBuildFile; fileRef = 2E512B3D0DA2C9A5F9AEB2B5 /* Pods_Secret_Santa_NonsenseTests.framework */; };
/* End PBXBuildFile section */

/* Begin PBXContainerItemProxy section */
		9693B49F23D2987E0037C38A /* PBXContainerItemProxy */ = {
			isa = PBXContainerItemProxy;
			containerPortal = 9693B47B23D298790037C38A /* Project object */;
			proxyType = 1;
			remoteGlobalIDString = 9693B48223D298790037C38A;
			remoteInfo = "Secret Santa Nonsense";
		};
		9693B4AA23D2987E0037C38A /* PBXContainerItemProxy */ = {
			isa = PBXContainerItemProxy;
			containerPortal = 9693B47B23D298790037C38A /* Project object */;
			proxyType = 1;
			remoteGlobalIDString = 9693B48223D298790037C38A;
			remoteInfo = "Secret Santa Nonsense";
		};
/* End PBXContainerItemProxy section */

/* Begin PBXFileReference section */
		03FE008FE5DA99D116381230 /* Pods_Secret_Santa_Nonsense.framework */ = {isa = PBXFileReference; explicitFileType = wrapper.framework; includeInIndex = 0; path = Pods_Secret_Santa_Nonsense.framework; sourceTree = BUILT_PRODUCTS_DIR; };
		2E512B3D0DA2C9A5F9AEB2B5 /* Pods_Secret_Santa_NonsenseTests.framework */ = {isa = PBXFileReference; explicitFileType = wrapper.framework; includeInIndex = 0; path = Pods_Secret_Santa_NonsenseTests.framework; sourceTree = BUILT_PRODUCTS_DIR; };
		96790B77243A1C330005BF59 /* BaseViewController.h */ = {isa = PBXFileReference; lastKnownFileType = sourcecode.c.h; path = BaseViewController.h; sourceTree = "<group>"; };
		96790B78243A1C330005BF59 /* BaseViewController.m */ = {isa = PBXFileReference; lastKnownFileType = sourcecode.c.objc; path = BaseViewController.m; sourceTree = "<group>"; };
		96790B7A243A2ADA0005BF59 /* HomeShopCategoryCollectionViewCell.h */ = {isa = PBXFileReference; lastKnownFileType = sourcecode.c.h; path = HomeShopCategoryCollectionViewCell.h; sourceTree = "<group>"; };
		96790B7B243A2ADA0005BF59 /* HomeShopCategoryCollectionViewCell.m */ = {isa = PBXFileReference; lastKnownFileType = sourcecode.c.objc; path = HomeShopCategoryCollectionViewCell.m; sourceTree = "<group>"; };
		96790B7D243A2B090005BF59 /* HomeShopCategoryCollection.h */ = {isa = PBXFileReference; lastKnownFileType = sourcecode.c.h; path = HomeShopCategoryCollection.h; sourceTree = "<group>"; };
		96790B7E243A2B090005BF59 /* HomeShopCategoryCollection.m */ = {isa = PBXFileReference; lastKnownFileType = sourcecode.c.objc; path = HomeShopCategoryCollection.m; sourceTree = "<group>"; };
		96790B80243A2B240005BF59 /* HomeShopCategorySectionController.h */ = {isa = PBXFileReference; lastKnownFileType = sourcecode.c.h; path = HomeShopCategorySectionController.h; sourceTree = "<group>"; };
		96790B81243A2B240005BF59 /* HomeShopCategorySectionController.m */ = {isa = PBXFileReference; lastKnownFileType = sourcecode.c.objc; path = HomeShopCategorySectionController.m; sourceTree = "<group>"; };
		96790B83243A2B4D0005BF59 /* HomeShopCategorySectionControllerDelegateProtocol.h */ = {isa = PBXFileReference; lastKnownFileType = sourcecode.c.h; path = HomeShopCategorySectionControllerDelegateProtocol.h; sourceTree = "<group>"; };
		968EA50B2434269400286892 /* HomeGroupListSectionController.h */ = {isa = PBXFileReference; lastKnownFileType = sourcecode.c.h; path = HomeGroupListSectionController.h; sourceTree = "<group>"; };
		968EA50C2434269400286892 /* HomeGroupListSectionController.m */ = {isa = PBXFileReference; lastKnownFileType = sourcecode.c.objc; path = HomeGroupListSectionController.m; sourceTree = "<group>"; };
		968EA50E243426BC00286892 /* HomeGroupListSectionControllerDelegateProtocol.h */ = {isa = PBXFileReference; lastKnownFileType = sourcecode.c.h; path = HomeGroupListSectionControllerDelegateProtocol.h; sourceTree = "<group>"; };
		968EA50F243428C100286892 /* HomeGroupListCollection.h */ = {isa = PBXFileReference; lastKnownFileType = sourcecode.c.h; path = HomeGroupListCollection.h; sourceTree = "<group>"; };
		968EA510243428C100286892 /* HomeGroupListCollection.m */ = {isa = PBXFileReference; lastKnownFileType = sourcecode.c.objc; path = HomeGroupListCollection.m; sourceTree = "<group>"; };
		968EA51424342A2200286892 /* IGListDiffableArray.h */ = {isa = PBXFileReference; lastKnownFileType = sourcecode.c.h; name = IGListDiffableArray.h; path = "Secret Santa Nonsense/Views/IGListDiffableArray.h"; sourceTree = SOURCE_ROOT; };
		968EA51524342A2200286892 /* IGListDiffableArray.m */ = {isa = PBXFileReference; lastKnownFileType = sourcecode.c.objc; name = IGListDiffableArray.m; path = "Secret Santa Nonsense/Views/IGListDiffableArray.m"; sourceTree = SOURCE_ROOT; };
		968EA51924342CC100286892 /* HomeGroupListCollectionViewCell.h */ = {isa = PBXFileReference; lastKnownFileType = sourcecode.c.h; path = HomeGroupListCollectionViewCell.h; sourceTree = "<group>"; };
		968EA51A24342CC100286892 /* HomeGroupListCollectionViewCell.m */ = {isa = PBXFileReference; lastKnownFileType = sourcecode.c.objc; path = HomeGroupListCollectionViewCell.m; sourceTree = "<group>"; };
		968EA51C24342E0800286892 /* SecretSantaGroup.h */ = {isa = PBXFileReference; lastKnownFileType = sourcecode.c.h; name = SecretSantaGroup.h; path = "Secret Santa Nonsense/Views/UICollectionViewCell/SecretSantaGroup.h"; sourceTree = SOURCE_ROOT; };
		968EA51D24342E0800286892 /* SecretSantaGroup.m */ = {isa = PBXFileReference; lastKnownFileType = sourcecode.c.objc; name = SecretSantaGroup.m; path = "Secret Santa Nonsense/Views/UICollectionViewCell/SecretSantaGroup.m"; sourceTree = SOURCE_ROOT; };
		9693B48323D298790037C38A /* Secret Santa Nonsense.app */ = {isa = PBXFileReference; explicitFileType = wrapper.application; includeInIndex = 0; path = "Secret Santa Nonsense.app"; sourceTree = BUILT_PRODUCTS_DIR; };
		9693B48623D298790037C38A /* AppDelegate.h */ = {isa = PBXFileReference; lastKnownFileType = sourcecode.c.h; path = AppDelegate.h; sourceTree = "<group>"; };
		9693B48723D298790037C38A /* AppDelegate.m */ = {isa = PBXFileReference; lastKnownFileType = sourcecode.c.objc; path = AppDelegate.m; sourceTree = "<group>"; };
		9693B49223D2987D0037C38A /* Assets.xcassets */ = {isa = PBXFileReference; lastKnownFileType = folder.assetcatalog; path = Assets.xcassets; sourceTree = "<group>"; };
		9693B49723D2987D0037C38A /* Info.plist */ = {isa = PBXFileReference; lastKnownFileType = text.plist.xml; path = Info.plist; sourceTree = "<group>"; };
		9693B49823D2987D0037C38A /* main.m */ = {isa = PBXFileReference; lastKnownFileType = sourcecode.c.objc; path = main.m; sourceTree = "<group>"; };
		9693B49E23D2987E0037C38A /* Secret Santa NonsenseTests.xctest */ = {isa = PBXFileReference; explicitFileType = wrapper.cfbundle; includeInIndex = 0; path = "Secret Santa NonsenseTests.xctest"; sourceTree = BUILT_PRODUCTS_DIR; };
		9693B4A223D2987E0037C38A /* Secret_Santa_NonsenseTests.m */ = {isa = PBXFileReference; lastKnownFileType = sourcecode.c.objc; path = Secret_Santa_NonsenseTests.m; sourceTree = "<group>"; };
		9693B4A423D2987E0037C38A /* Info.plist */ = {isa = PBXFileReference; lastKnownFileType = text.plist.xml; path = Info.plist; sourceTree = "<group>"; };
		9693B4A923D2987E0037C38A /* Secret Santa NonsenseUITests.xctest */ = {isa = PBXFileReference; explicitFileType = wrapper.cfbundle; includeInIndex = 0; path = "Secret Santa NonsenseUITests.xctest"; sourceTree = BUILT_PRODUCTS_DIR; };
		9693B4AD23D2987E0037C38A /* Secret_Santa_NonsenseUITests.m */ = {isa = PBXFileReference; lastKnownFileType = sourcecode.c.objc; path = Secret_Santa_NonsenseUITests.m; sourceTree = "<group>"; };
		9693B4AF23D2987E0037C38A /* Info.plist */ = {isa = PBXFileReference; lastKnownFileType = text.plist.xml; path = Info.plist; sourceTree = "<group>"; };
		9693B4C723D2A7DA0037C38A /* MainMenuViewController.h */ = {isa = PBXFileReference; lastKnownFileType = sourcecode.c.h; path = MainMenuViewController.h; sourceTree = "<group>"; };
		9693B4C823D2A7DA0037C38A /* MainMenuViewController.m */ = {isa = PBXFileReference; lastKnownFileType = sourcecode.c.objc; path = MainMenuViewController.m; sourceTree = "<group>"; };
		9693B4CB23D2B5630037C38A /* Launch Screen.storyboard */ = {isa = PBXFileReference; lastKnownFileType = file.storyboard; path = "Launch Screen.storyboard"; sourceTree = "<group>"; };
		9693B4CD23D2BD550037C38A /* SideMenuViewController.h */ = {isa = PBXFileReference; lastKnownFileType = sourcecode.c.h; path = SideMenuViewController.h; sourceTree = "<group>"; };
		9693B4CE23D2BD550037C38A /* SideMenuViewController.m */ = {isa = PBXFileReference; lastKnownFileType = sourcecode.c.objc; path = SideMenuViewController.m; sourceTree = "<group>"; };
		9693B4D123D357A70037C38A /* UIColor+ExtensionMethods.h */ = {isa = PBXFileReference; lastKnownFileType = sourcecode.c.h; path = "UIColor+ExtensionMethods.h"; sourceTree = "<group>"; };
		9693B4D223D357A70037C38A /* UIColor+ExtensionMethods.m */ = {isa = PBXFileReference; lastKnownFileType = sourcecode.c.objc; path = "UIColor+ExtensionMethods.m"; sourceTree = "<group>"; };
		9693B4D423D38A2C0037C38A /* GiftExchangesViewController.h */ = {isa = PBXFileReference; lastKnownFileType = sourcecode.c.h; path = GiftExchangesViewController.h; sourceTree = "<group>"; };
		9693B4D523D38A2C0037C38A /* GiftExchangesViewController.m */ = {isa = PBXFileReference; lastKnownFileType = sourcecode.c.objc; path = GiftExchangesViewController.m; sourceTree = "<group>"; };
		9693B4D723D3AF120037C38A /* WishListViewController.h */ = {isa = PBXFileReference; lastKnownFileType = sourcecode.c.h; path = WishListViewController.h; sourceTree = "<group>"; };
		9693B4D823D3AF120037C38A /* WishListViewController.m */ = {isa = PBXFileReference; lastKnownFileType = sourcecode.c.objc; path = WishListViewController.m; sourceTree = "<group>"; };
		9693B4DA23D3B3EB0037C38A /* AccountViewController.h */ = {isa = PBXFileReference; lastKnownFileType = sourcecode.c.h; path = AccountViewController.h; sourceTree = "<group>"; };
		9693B4DB23D3B3EB0037C38A /* AccountViewController.m */ = {isa = PBXFileReference; lastKnownFileType = sourcecode.c.objc; path = AccountViewController.m; sourceTree = "<group>"; };
		AE8516787141993CAEDC0F6B /* Pods-Secret Santa NonsenseTests.debug.xcconfig */ = {isa = PBXFileReference; includeInIndex = 1; lastKnownFileType = text.xcconfig; name = "Pods-Secret Santa NonsenseTests.debug.xcconfig"; path = "Target Support Files/Pods-Secret Santa NonsenseTests/Pods-Secret Santa NonsenseTests.debug.xcconfig"; sourceTree = "<group>"; };
		BD6EAF518E06876649D08F24 /* Pods-Secret Santa NonsenseTests.release.xcconfig */ = {isa = PBXFileReference; includeInIndex = 1; lastKnownFileType = text.xcconfig; name = "Pods-Secret Santa NonsenseTests.release.xcconfig"; path = "Target Support Files/Pods-Secret Santa NonsenseTests/Pods-Secret Santa NonsenseTests.release.xcconfig"; sourceTree = "<group>"; };
		BF401D44B8BAB91D2F1B2CF3 /* Pods_Secret_Santa_Nonsense_Secret_Santa_NonsenseUITests.framework */ = {isa = PBXFileReference; explicitFileType = wrapper.framework; includeInIndex = 0; path = Pods_Secret_Santa_Nonsense_Secret_Santa_NonsenseUITests.framework; sourceTree = BUILT_PRODUCTS_DIR; };
		C8A1B64584A3043F3C8ED202 /* Pods-Secret Santa Nonsense.debug.xcconfig */ = {isa = PBXFileReference; includeInIndex = 1; lastKnownFileType = text.xcconfig; name = "Pods-Secret Santa Nonsense.debug.xcconfig"; path = "Target Support Files/Pods-Secret Santa Nonsense/Pods-Secret Santa Nonsense.debug.xcconfig"; sourceTree = "<group>"; };
		D43CE951816E34F9A12EB4BD /* Pods-Secret Santa Nonsense-Secret Santa NonsenseUITests.release.xcconfig */ = {isa = PBXFileReference; includeInIndex = 1; lastKnownFileType = text.xcconfig; name = "Pods-Secret Santa Nonsense-Secret Santa NonsenseUITests.release.xcconfig"; path = "Target Support Files/Pods-Secret Santa Nonsense-Secret Santa NonsenseUITests/Pods-Secret Santa Nonsense-Secret Santa NonsenseUITests.release.xcconfig"; sourceTree = "<group>"; };
		ED52968210284F3C76A6011F /* Pods-Secret Santa Nonsense.release.xcconfig */ = {isa = PBXFileReference; includeInIndex = 1; lastKnownFileType = text.xcconfig; name = "Pods-Secret Santa Nonsense.release.xcconfig"; path = "Target Support Files/Pods-Secret Santa Nonsense/Pods-Secret Santa Nonsense.release.xcconfig"; sourceTree = "<group>"; };
		FCFF22BCAC529DA29E6B3963 /* Pods-Secret Santa Nonsense-Secret Santa NonsenseUITests.debug.xcconfig */ = {isa = PBXFileReference; includeInIndex = 1; lastKnownFileType = text.xcconfig; name = "Pods-Secret Santa Nonsense-Secret Santa NonsenseUITests.debug.xcconfig"; path = "Target Support Files/Pods-Secret Santa Nonsense-Secret Santa NonsenseUITests/Pods-Secret Santa Nonsense-Secret Santa NonsenseUITests.debug.xcconfig"; sourceTree = "<group>"; };
/* End PBXFileReference section */

/* Begin PBXFrameworksBuildPhase section */
		9693B48023D298790037C38A /* Frameworks */ = {
			isa = PBXFrameworksBuildPhase;
			buildActionMask = 2147483647;
			files = (
				500D41534EB42241E27A04B5 /* Pods_Secret_Santa_Nonsense.framework in Frameworks */,
			);
			runOnlyForDeploymentPostprocessing = 0;
		};
		9693B49B23D2987E0037C38A /* Frameworks */ = {
			isa = PBXFrameworksBuildPhase;
			buildActionMask = 2147483647;
			files = (
				A4AF41361C9E50ECC576C872 /* Pods_Secret_Santa_NonsenseTests.framework in Frameworks */,
			);
			runOnlyForDeploymentPostprocessing = 0;
		};
		9693B4A623D2987E0037C38A /* Frameworks */ = {
			isa = PBXFrameworksBuildPhase;
			buildActionMask = 2147483647;
			files = (
				7365AC49213632F0DCF04DEE /* Pods_Secret_Santa_Nonsense_Secret_Santa_NonsenseUITests.framework in Frameworks */,
			);
			runOnlyForDeploymentPostprocessing = 0;
		};
/* End PBXFrameworksBuildPhase section */

/* Begin PBXGroup section */
		1D021644F058114B5E7039E9 /* Frameworks */ = {
			isa = PBXGroup;
			children = (
				03FE008FE5DA99D116381230 /* Pods_Secret_Santa_Nonsense.framework */,
				BF401D44B8BAB91D2F1B2CF3 /* Pods_Secret_Santa_Nonsense_Secret_Santa_NonsenseUITests.framework */,
				2E512B3D0DA2C9A5F9AEB2B5 /* Pods_Secret_Santa_NonsenseTests.framework */,
			);
			name = Frameworks;
			sourceTree = "<group>";
		};
		96790B76243A1C1F0005BF59 /* Base */ = {
			isa = PBXGroup;
			children = (
				96790B77243A1C330005BF59 /* BaseViewController.h */,
				96790B78243A1C330005BF59 /* BaseViewController.m */,
			);
			path = Base;
			sourceTree = "<group>";
		};
		968EA5062434256400286892 /* Categories */ = {
			isa = PBXGroup;
			children = (
				968EA5082434257100286892 /* Helpers */,
				968EA5072434256B00286892 /* Controllers */,
			);
			path = Categories;
			sourceTree = "<group>";
		};
		968EA5072434256B00286892 /* Controllers */ = {
			isa = PBXGroup;
			children = (
				968EA5092434258600286892 /* SectionControllers */,
			);
			path = Controllers;
			sourceTree = "<group>";
		};
		968EA5082434257100286892 /* Helpers */ = {
			isa = PBXGroup;
			children = (
			);
			path = Helpers;
			sourceTree = "<group>";
		};
		968EA5092434258600286892 /* SectionControllers */ = {
			isa = PBXGroup;
			children = (
				968EA50A2434259E00286892 /* Home */,
			);
			path = SectionControllers;
			sourceTree = "<group>";
		};
		968EA50A2434259E00286892 /* Home */ = {
			isa = PBXGroup;
			children = (
				968EA50B2434269400286892 /* HomeGroupListSectionController.h */,
				968EA50C2434269400286892 /* HomeGroupListSectionController.m */,
				968EA50E243426BC00286892 /* HomeGroupListSectionControllerDelegateProtocol.h */,
				96790B80243A2B240005BF59 /* HomeShopCategorySectionController.h */,
				96790B81243A2B240005BF59 /* HomeShopCategorySectionController.m */,
				96790B83243A2B4D0005BF59 /* HomeShopCategorySectionControllerDelegateProtocol.h */,
			);
			path = Home;
			sourceTree = "<group>";
		};
		968EA512243429FB00286892 /* Models */ = {
			isa = PBXGroup;
			children = (
				968EA513243429FF00286892 /* Local */,
			);
			path = Models;
			sourceTree = "<group>";
		};
		968EA513243429FF00286892 /* Local */ = {
			isa = PBXGroup;
			children = (
				968EA51424342A2200286892 /* IGListDiffableArray.h */,
				968EA51524342A2200286892 /* IGListDiffableArray.m */,
				968EA51C24342E0800286892 /* SecretSantaGroup.h */,
				968EA51D24342E0800286892 /* SecretSantaGroup.m */,
			);
			path = Local;
			sourceTree = "<group>";
		};
		968EA51724342C9400286892 /* UIView */ = {
			isa = PBXGroup;
			children = (
				968EA50F243428C100286892 /* HomeGroupListCollection.h */,
				968EA510243428C100286892 /* HomeGroupListCollection.m */,
				96790B7D243A2B090005BF59 /* HomeShopCategoryCollection.h */,
				96790B7E243A2B090005BF59 /* HomeShopCategoryCollection.m */,
			);
			path = UIView;
			sourceTree = "<group>";
		};
		968EA51824342C9C00286892 /* UICollectionViewCell */ = {
			isa = PBXGroup;
			children = (
				968EA51924342CC100286892 /* HomeGroupListCollectionViewCell.h */,
				968EA51A24342CC100286892 /* HomeGroupListCollectionViewCell.m */,
				96790B7A243A2ADA0005BF59 /* HomeShopCategoryCollectionViewCell.h */,
				96790B7B243A2ADA0005BF59 /* HomeShopCategoryCollectionViewCell.m */,
			);
			path = UICollectionViewCell;
			sourceTree = "<group>";
		};
		9693B47A23D298790037C38A = {
			isa = PBXGroup;
			children = (
				9693B48523D298790037C38A /* Secret Santa Nonsense */,
				9693B4A123D2987E0037C38A /* Secret Santa NonsenseTests */,
				9693B4AC23D2987E0037C38A /* Secret Santa NonsenseUITests */,
				9693B48423D298790037C38A /* Products */,
				C0D66834E6973B91CAF73787 /* Pods */,
				1D021644F058114B5E7039E9 /* Frameworks */,
			);
			sourceTree = "<group>";
		};
		9693B48423D298790037C38A /* Products */ = {
			isa = PBXGroup;
			children = (
				9693B48323D298790037C38A /* Secret Santa Nonsense.app */,
				9693B49E23D2987E0037C38A /* Secret Santa NonsenseTests.xctest */,
				9693B4A923D2987E0037C38A /* Secret Santa NonsenseUITests.xctest */,
			);
			name = Products;
			sourceTree = "<group>";
		};
		9693B48523D298790037C38A /* Secret Santa Nonsense */ = {
			isa = PBXGroup;
			children = (
				968EA512243429FB00286892 /* Models */,
				968EA5062434256400286892 /* Categories */,
				9693B4BD23D29BC40037C38A /* Classes */,
				9693B4C123D29BDC0037C38A /* Views */,
				9693B4BC23D29BBD0037C38A /* ViewControllers */,
				9693B4C023D29BD80037C38A /* Resources */,
				9693B4BF23D29BD00037C38A /* Network */,
				9693B4BB23D29BB50037C38A /* AppDelegate */,
			);
			path = "Secret Santa Nonsense";
			sourceTree = "<group>";
		};
		9693B4A123D2987E0037C38A /* Secret Santa NonsenseTests */ = {
			isa = PBXGroup;
			children = (
				9693B4A223D2987E0037C38A /* Secret_Santa_NonsenseTests.m */,
				9693B4A423D2987E0037C38A /* Info.plist */,
			);
			path = "Secret Santa NonsenseTests";
			sourceTree = "<group>";
		};
		9693B4AC23D2987E0037C38A /* Secret Santa NonsenseUITests */ = {
			isa = PBXGroup;
			children = (
				9693B4AD23D2987E0037C38A /* Secret_Santa_NonsenseUITests.m */,
				9693B4AF23D2987E0037C38A /* Info.plist */,
			);
			path = "Secret Santa NonsenseUITests";
			sourceTree = "<group>";
		};
		9693B4BB23D29BB50037C38A /* AppDelegate */ = {
			isa = PBXGroup;
			children = (
				9693B48623D298790037C38A /* AppDelegate.h */,
				9693B48723D298790037C38A /* AppDelegate.m */,
			);
			path = AppDelegate;
			sourceTree = "<group>";
		};
		9693B4BC23D29BBD0037C38A /* ViewControllers */ = {
			isa = PBXGroup;
			children = (
				96790B76243A1C1F0005BF59 /* Base */,
				9693B4E223D3BE460037C38A /* Account */,
				9693B4E123D3BE3B0037C38A /* Wish List */,
				9693B4E023D3BE320037C38A /* Gift Exchanges */,
				9693B4DF23D3BE2B0037C38A /* Side Menu */,
				9693B4DE23D3BE1D0037C38A /* Main Menu */,
			);
			path = ViewControllers;
			sourceTree = "<group>";
		};
		9693B4BD23D29BC40037C38A /* Classes */ = {
			isa = PBXGroup;
			children = (
				9693B4D023D3574F0037C38A /* Custom Categories */,
			);
			path = Classes;
			sourceTree = "<group>";
		};
		9693B4BF23D29BD00037C38A /* Network */ = {
			isa = PBXGroup;
			children = (
			);
			path = Network;
			sourceTree = "<group>";
		};
		9693B4C023D29BD80037C38A /* Resources */ = {
			isa = PBXGroup;
			children = (
				9693B4CA23D2B5500037C38A /* Storyboards */,
				9693B4C323D29C110037C38A /* Supporting */,
				9693B4C223D29C0D0037C38A /* Assets */,
			);
			path = Resources;
			sourceTree = "<group>";
		};
		9693B4C123D29BDC0037C38A /* Views */ = {
			isa = PBXGroup;
			children = (
				968EA51824342C9C00286892 /* UICollectionViewCell */,
				968EA51724342C9400286892 /* UIView */,
			);
			path = Views;
			sourceTree = "<group>";
		};
		9693B4C223D29C0D0037C38A /* Assets */ = {
			isa = PBXGroup;
			children = (
				9693B49223D2987D0037C38A /* Assets.xcassets */,
			);
			path = Assets;
			sourceTree = "<group>";
		};
		9693B4C323D29C110037C38A /* Supporting */ = {
			isa = PBXGroup;
			children = (
				9693B49723D2987D0037C38A /* Info.plist */,
				9693B49823D2987D0037C38A /* main.m */,
			);
			path = Supporting;
			sourceTree = "<group>";
		};
		9693B4CA23D2B5500037C38A /* Storyboards */ = {
			isa = PBXGroup;
			children = (
				9693B4CB23D2B5630037C38A /* Launch Screen.storyboard */,
			);
			path = Storyboards;
			sourceTree = "<group>";
		};
		9693B4D023D3574F0037C38A /* Custom Categories */ = {
			isa = PBXGroup;
			children = (
				9693B4D123D357A70037C38A /* UIColor+ExtensionMethods.h */,
				9693B4D223D357A70037C38A /* UIColor+ExtensionMethods.m */,
			);
			path = "Custom Categories";
			sourceTree = "<group>";
		};
		9693B4DE23D3BE1D0037C38A /* Main Menu */ = {
			isa = PBXGroup;
			children = (
				9693B4C723D2A7DA0037C38A /* MainMenuViewController.h */,
				9693B4C823D2A7DA0037C38A /* MainMenuViewController.m */,
			);
			path = "Main Menu";
			sourceTree = "<group>";
		};
		9693B4DF23D3BE2B0037C38A /* Side Menu */ = {
			isa = PBXGroup;
			children = (
				9693B4CD23D2BD550037C38A /* SideMenuViewController.h */,
				9693B4CE23D2BD550037C38A /* SideMenuViewController.m */,
			);
			path = "Side Menu";
			sourceTree = "<group>";
		};
		9693B4E023D3BE320037C38A /* Gift Exchanges */ = {
			isa = PBXGroup;
			children = (
				9693B4D423D38A2C0037C38A /* GiftExchangesViewController.h */,
				9693B4D523D38A2C0037C38A /* GiftExchangesViewController.m */,
			);
			path = "Gift Exchanges";
			sourceTree = "<group>";
		};
		9693B4E123D3BE3B0037C38A /* Wish List */ = {
			isa = PBXGroup;
			children = (
				9693B4D723D3AF120037C38A /* WishListViewController.h */,
				9693B4D823D3AF120037C38A /* WishListViewController.m */,
			);
			path = "Wish List";
			sourceTree = "<group>";
		};
		9693B4E223D3BE460037C38A /* Account */ = {
			isa = PBXGroup;
			children = (
				9693B4DA23D3B3EB0037C38A /* AccountViewController.h */,
				9693B4DB23D3B3EB0037C38A /* AccountViewController.m */,
			);
			path = Account;
			sourceTree = "<group>";
		};
		C0D66834E6973B91CAF73787 /* Pods */ = {
			isa = PBXGroup;
			children = (
				C8A1B64584A3043F3C8ED202 /* Pods-Secret Santa Nonsense.debug.xcconfig */,
				ED52968210284F3C76A6011F /* Pods-Secret Santa Nonsense.release.xcconfig */,
				FCFF22BCAC529DA29E6B3963 /* Pods-Secret Santa Nonsense-Secret Santa NonsenseUITests.debug.xcconfig */,
				D43CE951816E34F9A12EB4BD /* Pods-Secret Santa Nonsense-Secret Santa NonsenseUITests.release.xcconfig */,
				AE8516787141993CAEDC0F6B /* Pods-Secret Santa NonsenseTests.debug.xcconfig */,
				BD6EAF518E06876649D08F24 /* Pods-Secret Santa NonsenseTests.release.xcconfig */,
			);
			path = Pods;
			sourceTree = "<group>";
		};
/* End PBXGroup section */

/* Begin PBXNativeTarget section */
		9693B48223D298790037C38A /* Secret Santa Nonsense */ = {
			isa = PBXNativeTarget;
			buildConfigurationList = 9693B4B223D2987E0037C38A /* Build configuration list for PBXNativeTarget "Secret Santa Nonsense" */;
			buildPhases = (
				F57A5C7A3389F47AEAF7F0C7 /* [CP] Check Pods Manifest.lock */,
				9693B47F23D298790037C38A /* Sources */,
				9693B48023D298790037C38A /* Frameworks */,
				9693B48123D298790037C38A /* Resources */,
				93BCBA78B22A571CEC5FC5A0 /* [CP] Embed Pods Frameworks */,
			);
			buildRules = (
			);
			dependencies = (
			);
			name = "Secret Santa Nonsense";
			productName = "Secret Santa Nonsense";
			productReference = 9693B48323D298790037C38A /* Secret Santa Nonsense.app */;
			productType = "com.apple.product-type.application";
		};
		9693B49D23D2987E0037C38A /* Secret Santa NonsenseTests */ = {
			isa = PBXNativeTarget;
			buildConfigurationList = 9693B4B523D2987E0037C38A /* Build configuration list for PBXNativeTarget "Secret Santa NonsenseTests" */;
			buildPhases = (
				1EB7E87A0F854B2290358CA9 /* [CP] Check Pods Manifest.lock */,
				9693B49A23D2987E0037C38A /* Sources */,
				9693B49B23D2987E0037C38A /* Frameworks */,
				9693B49C23D2987E0037C38A /* Resources */,
			);
			buildRules = (
			);
			dependencies = (
				9693B4A023D2987E0037C38A /* PBXTargetDependency */,
			);
			name = "Secret Santa NonsenseTests";
			productName = "Secret Santa NonsenseTests";
			productReference = 9693B49E23D2987E0037C38A /* Secret Santa NonsenseTests.xctest */;
			productType = "com.apple.product-type.bundle.unit-test";
		};
		9693B4A823D2987E0037C38A /* Secret Santa NonsenseUITests */ = {
			isa = PBXNativeTarget;
			buildConfigurationList = 9693B4B823D2987E0037C38A /* Build configuration list for PBXNativeTarget "Secret Santa NonsenseUITests" */;
			buildPhases = (
				BB665EF3DF637ACE4DD625E9 /* [CP] Check Pods Manifest.lock */,
				9693B4A523D2987E0037C38A /* Sources */,
				9693B4A623D2987E0037C38A /* Frameworks */,
				9693B4A723D2987E0037C38A /* Resources */,
				3A1B4F28F8EAD14D9A9B6B47 /* [CP] Embed Pods Frameworks */,
			);
			buildRules = (
			);
			dependencies = (
				9693B4AB23D2987E0037C38A /* PBXTargetDependency */,
			);
			name = "Secret Santa NonsenseUITests";
			productName = "Secret Santa NonsenseUITests";
			productReference = 9693B4A923D2987E0037C38A /* Secret Santa NonsenseUITests.xctest */;
			productType = "com.apple.product-type.bundle.ui-testing";
		};
/* End PBXNativeTarget section */

/* Begin PBXProject section */
		9693B47B23D298790037C38A /* Project object */ = {
			isa = PBXProject;
			attributes = {
				LastUpgradeCheck = 1130;
				ORGANIZATIONNAME = jrutkosk;
				TargetAttributes = {
					9693B48223D298790037C38A = {
						CreatedOnToolsVersion = 11.3;
					};
					9693B49D23D2987E0037C38A = {
						CreatedOnToolsVersion = 11.3;
						TestTargetID = 9693B48223D298790037C38A;
					};
					9693B4A823D2987E0037C38A = {
						CreatedOnToolsVersion = 11.3;
						TestTargetID = 9693B48223D298790037C38A;
					};
				};
			};
			buildConfigurationList = 9693B47E23D298790037C38A /* Build configuration list for PBXProject "Secret Santa Nonsense" */;
			compatibilityVersion = "Xcode 9.3";
			developmentRegion = en;
			hasScannedForEncodings = 0;
			knownRegions = (
				en,
				Base,
			);
			mainGroup = 9693B47A23D298790037C38A;
			productRefGroup = 9693B48423D298790037C38A /* Products */;
			projectDirPath = "";
			projectRoot = "";
			targets = (
				9693B48223D298790037C38A /* Secret Santa Nonsense */,
				9693B49D23D2987E0037C38A /* Secret Santa NonsenseTests */,
				9693B4A823D2987E0037C38A /* Secret Santa NonsenseUITests */,
			);
		};
/* End PBXProject section */

/* Begin PBXResourcesBuildPhase section */
		9693B48123D298790037C38A /* Resources */ = {
			isa = PBXResourcesBuildPhase;
			buildActionMask = 2147483647;
			files = (
				9693B4CC23D2B5630037C38A /* Launch Screen.storyboard in Resources */,
				9693B49323D2987D0037C38A /* Assets.xcassets in Resources */,
			);
			runOnlyForDeploymentPostprocessing = 0;
		};
		9693B49C23D2987E0037C38A /* Resources */ = {
			isa = PBXResourcesBuildPhase;
			buildActionMask = 2147483647;
			files = (
			);
			runOnlyForDeploymentPostprocessing = 0;
		};
		9693B4A723D2987E0037C38A /* Resources */ = {
			isa = PBXResourcesBuildPhase;
			buildActionMask = 2147483647;
			files = (
			);
			runOnlyForDeploymentPostprocessing = 0;
		};
/* End PBXResourcesBuildPhase section */

/* Begin PBXShellScriptBuildPhase section */
		1EB7E87A0F854B2290358CA9 /* [CP] Check Pods Manifest.lock */ = {
			isa = PBXShellScriptBuildPhase;
			buildActionMask = 2147483647;
			files = (
			);
			inputFileListPaths = (
			);
			inputPaths = (
				"${PODS_PODFILE_DIR_PATH}/Podfile.lock",
				"${PODS_ROOT}/Manifest.lock",
			);
			name = "[CP] Check Pods Manifest.lock";
			outputFileListPaths = (
			);
			outputPaths = (
				"$(DERIVED_FILE_DIR)/Pods-Secret Santa NonsenseTests-checkManifestLockResult.txt",
			);
			runOnlyForDeploymentPostprocessing = 0;
			shellPath = /bin/sh;
			shellScript = "diff \"${PODS_PODFILE_DIR_PATH}/Podfile.lock\" \"${PODS_ROOT}/Manifest.lock\" > /dev/null\nif [ $? != 0 ] ; then\n    # print error to STDERR\n    echo \"error: The sandbox is not in sync with the Podfile.lock. Run 'pod install' or update your CocoaPods installation.\" >&2\n    exit 1\nfi\n# This output is used by Xcode 'outputs' to avoid re-running this script phase.\necho \"SUCCESS\" > \"${SCRIPT_OUTPUT_FILE_0}\"\n";
			showEnvVarsInLog = 0;
		};
		3A1B4F28F8EAD14D9A9B6B47 /* [CP] Embed Pods Frameworks */ = {
			isa = PBXShellScriptBuildPhase;
			buildActionMask = 2147483647;
			files = (
			);
			inputFileListPaths = (
				"${PODS_ROOT}/Target Support Files/Pods-Secret Santa Nonsense-Secret Santa NonsenseUITests/Pods-Secret Santa Nonsense-Secret Santa NonsenseUITests-frameworks-${CONFIGURATION}-input-files.xcfilelist",
			);
			name = "[CP] Embed Pods Frameworks";
			outputFileListPaths = (
				"${PODS_ROOT}/Target Support Files/Pods-Secret Santa Nonsense-Secret Santa NonsenseUITests/Pods-Secret Santa Nonsense-Secret Santa NonsenseUITests-frameworks-${CONFIGURATION}-output-files.xcfilelist",
			);
			runOnlyForDeploymentPostprocessing = 0;
			shellPath = /bin/sh;
			shellScript = "\"${PODS_ROOT}/Target Support Files/Pods-Secret Santa Nonsense-Secret Santa NonsenseUITests/Pods-Secret Santa Nonsense-Secret Santa NonsenseUITests-frameworks.sh\"\n";
			showEnvVarsInLog = 0;
		};
		93BCBA78B22A571CEC5FC5A0 /* [CP] Embed Pods Frameworks */ = {
			isa = PBXShellScriptBuildPhase;
			buildActionMask = 2147483647;
			files = (
			);
			inputFileListPaths = (
				"${PODS_ROOT}/Target Support Files/Pods-Secret Santa Nonsense/Pods-Secret Santa Nonsense-frameworks-${CONFIGURATION}-input-files.xcfilelist",
			);
			name = "[CP] Embed Pods Frameworks";
			outputFileListPaths = (
				"${PODS_ROOT}/Target Support Files/Pods-Secret Santa Nonsense/Pods-Secret Santa Nonsense-frameworks-${CONFIGURATION}-output-files.xcfilelist",
			);
			runOnlyForDeploymentPostprocessing = 0;
			shellPath = /bin/sh;
			shellScript = "\"${PODS_ROOT}/Target Support Files/Pods-Secret Santa Nonsense/Pods-Secret Santa Nonsense-frameworks.sh\"\n";
			showEnvVarsInLog = 0;
		};
		BB665EF3DF637ACE4DD625E9 /* [CP] Check Pods Manifest.lock */ = {
			isa = PBXShellScriptBuildPhase;
			buildActionMask = 2147483647;
			files = (
			);
			inputFileListPaths = (
			);
			inputPaths = (
				"${PODS_PODFILE_DIR_PATH}/Podfile.lock",
				"${PODS_ROOT}/Manifest.lock",
			);
			name = "[CP] Check Pods Manifest.lock";
			outputFileListPaths = (
			);
			outputPaths = (
				"$(DERIVED_FILE_DIR)/Pods-Secret Santa Nonsense-Secret Santa NonsenseUITests-checkManifestLockResult.txt",
			);
			runOnlyForDeploymentPostprocessing = 0;
			shellPath = /bin/sh;
			shellScript = "diff \"${PODS_PODFILE_DIR_PATH}/Podfile.lock\" \"${PODS_ROOT}/Manifest.lock\" > /dev/null\nif [ $? != 0 ] ; then\n    # print error to STDERR\n    echo \"error: The sandbox is not in sync with the Podfile.lock. Run 'pod install' or update your CocoaPods installation.\" >&2\n    exit 1\nfi\n# This output is used by Xcode 'outputs' to avoid re-running this script phase.\necho \"SUCCESS\" > \"${SCRIPT_OUTPUT_FILE_0}\"\n";
			showEnvVarsInLog = 0;
		};
		F57A5C7A3389F47AEAF7F0C7 /* [CP] Check Pods Manifest.lock */ = {
			isa = PBXShellScriptBuildPhase;
			buildActionMask = 2147483647;
			files = (
			);
			inputFileListPaths = (
			);
			inputPaths = (
				"${PODS_PODFILE_DIR_PATH}/Podfile.lock",
				"${PODS_ROOT}/Manifest.lock",
			);
			name = "[CP] Check Pods Manifest.lock";
			outputFileListPaths = (
			);
			outputPaths = (
				"$(DERIVED_FILE_DIR)/Pods-Secret Santa Nonsense-checkManifestLockResult.txt",
			);
			runOnlyForDeploymentPostprocessing = 0;
			shellPath = /bin/sh;
			shellScript = "diff \"${PODS_PODFILE_DIR_PATH}/Podfile.lock\" \"${PODS_ROOT}/Manifest.lock\" > /dev/null\nif [ $? != 0 ] ; then\n    # print error to STDERR\n    echo \"error: The sandbox is not in sync with the Podfile.lock. Run 'pod install' or update your CocoaPods installation.\" >&2\n    exit 1\nfi\n# This output is used by Xcode 'outputs' to avoid re-running this script phase.\necho \"SUCCESS\" > \"${SCRIPT_OUTPUT_FILE_0}\"\n";
			showEnvVarsInLog = 0;
		};
/* End PBXShellScriptBuildPhase section */

/* Begin PBXSourcesBuildPhase section */
		9693B47F23D298790037C38A /* Sources */ = {
			isa = PBXSourcesBuildPhase;
			buildActionMask = 2147483647;
			files = (
				968EA51E24342E0800286892 /* SecretSantaGroup.m in Sources */,
				9693B4CF23D2BD550037C38A /* SideMenuViewController.m in Sources */,
				9693B4D623D38A2C0037C38A /* GiftExchangesViewController.m in Sources */,
				96790B82243A2B240005BF59 /* HomeShopCategorySectionController.m in Sources */,
				9693B48823D298790037C38A /* AppDelegate.m in Sources */,
				96790B7F243A2B090005BF59 /* HomeShopCategoryCollection.m in Sources */,
				9693B4D923D3AF120037C38A /* WishListViewController.m in Sources */,
				96790B79243A1C330005BF59 /* BaseViewController.m in Sources */,
				968EA51624342A2200286892 /* IGListDiffableArray.m in Sources */,
				96790B7C243A2ADA0005BF59 /* HomeShopCategoryCollectionViewCell.m in Sources */,
				968EA50D2434269400286892 /* HomeGroupListSectionController.m in Sources */,
				9693B4D323D357A70037C38A /* UIColor+ExtensionMethods.m in Sources */,
				968EA511243428C100286892 /* HomeGroupListCollection.m in Sources */,
				9693B4C923D2A7DA0037C38A /* MainMenuViewController.m in Sources */,
				9693B4DC23D3B3EB0037C38A /* AccountViewController.m in Sources */,
				9693B49923D2987D0037C38A /* main.m in Sources */,
				968EA51B24342CC100286892 /* HomeGroupListCollectionViewCell.m in Sources */,
			);
			runOnlyForDeploymentPostprocessing = 0;
		};
		9693B49A23D2987E0037C38A /* Sources */ = {
			isa = PBXSourcesBuildPhase;
			buildActionMask = 2147483647;
			files = (
				9693B4A323D2987E0037C38A /* Secret_Santa_NonsenseTests.m in Sources */,
			);
			runOnlyForDeploymentPostprocessing = 0;
		};
		9693B4A523D2987E0037C38A /* Sources */ = {
			isa = PBXSourcesBuildPhase;
			buildActionMask = 2147483647;
			files = (
				9693B4AE23D2987E0037C38A /* Secret_Santa_NonsenseUITests.m in Sources */,
			);
			runOnlyForDeploymentPostprocessing = 0;
		};
/* End PBXSourcesBuildPhase section */

/* Begin PBXTargetDependency section */
		9693B4A023D2987E0037C38A /* PBXTargetDependency */ = {
			isa = PBXTargetDependency;
			target = 9693B48223D298790037C38A /* Secret Santa Nonsense */;
			targetProxy = 9693B49F23D2987E0037C38A /* PBXContainerItemProxy */;
		};
		9693B4AB23D2987E0037C38A /* PBXTargetDependency */ = {
			isa = PBXTargetDependency;
			target = 9693B48223D298790037C38A /* Secret Santa Nonsense */;
			targetProxy = 9693B4AA23D2987E0037C38A /* PBXContainerItemProxy */;
		};
/* End PBXTargetDependency section */

/* Begin XCBuildConfiguration section */
		9693B4B023D2987E0037C38A /* Debug */ = {
			isa = XCBuildConfiguration;
			buildSettings = {
				ALWAYS_SEARCH_USER_PATHS = NO;
				CLANG_ANALYZER_NONNULL = YES;
				CLANG_ANALYZER_NUMBER_OBJECT_CONVERSION = YES_AGGRESSIVE;
				CLANG_CXX_LANGUAGE_STANDARD = "gnu++14";
				CLANG_CXX_LIBRARY = "libc++";
				CLANG_ENABLE_MODULES = YES;
				CLANG_ENABLE_OBJC_ARC = YES;
				CLANG_ENABLE_OBJC_WEAK = YES;
				CLANG_WARN_BLOCK_CAPTURE_AUTORELEASING = YES;
				CLANG_WARN_BOOL_CONVERSION = YES;
				CLANG_WARN_COMMA = YES;
				CLANG_WARN_CONSTANT_CONVERSION = YES;
				CLANG_WARN_DEPRECATED_OBJC_IMPLEMENTATIONS = YES;
				CLANG_WARN_DIRECT_OBJC_ISA_USAGE = YES_ERROR;
				CLANG_WARN_DOCUMENTATION_COMMENTS = YES;
				CLANG_WARN_EMPTY_BODY = YES;
				CLANG_WARN_ENUM_CONVERSION = YES;
				CLANG_WARN_INFINITE_RECURSION = YES;
				CLANG_WARN_INT_CONVERSION = YES;
				CLANG_WARN_NON_LITERAL_NULL_CONVERSION = YES;
				CLANG_WARN_OBJC_IMPLICIT_RETAIN_SELF = YES;
				CLANG_WARN_OBJC_LITERAL_CONVERSION = YES;
				CLANG_WARN_OBJC_ROOT_CLASS = YES_ERROR;
				CLANG_WARN_RANGE_LOOP_ANALYSIS = YES;
				CLANG_WARN_STRICT_PROTOTYPES = YES;
				CLANG_WARN_SUSPICIOUS_MOVE = YES;
				CLANG_WARN_UNGUARDED_AVAILABILITY = YES_AGGRESSIVE;
				CLANG_WARN_UNREACHABLE_CODE = YES;
				CLANG_WARN__DUPLICATE_METHOD_MATCH = YES;
				COPY_PHASE_STRIP = NO;
				DEBUG_INFORMATION_FORMAT = dwarf;
				DEVELOPMENT_TEAM = 8DGNFF8D7D;
				ENABLE_STRICT_OBJC_MSGSEND = YES;
				ENABLE_TESTABILITY = YES;
				GCC_C_LANGUAGE_STANDARD = gnu11;
				GCC_DYNAMIC_NO_PIC = NO;
				GCC_NO_COMMON_BLOCKS = YES;
				GCC_OPTIMIZATION_LEVEL = 0;
				GCC_PREPROCESSOR_DEFINITIONS = (
					"DEBUG=1",
					"$(inherited)",
				);
				GCC_WARN_64_TO_32_BIT_CONVERSION = YES;
				GCC_WARN_ABOUT_RETURN_TYPE = YES_ERROR;
				GCC_WARN_UNDECLARED_SELECTOR = YES;
				GCC_WARN_UNINITIALIZED_AUTOS = YES_AGGRESSIVE;
				GCC_WARN_UNUSED_FUNCTION = YES;
				GCC_WARN_UNUSED_VARIABLE = YES;
				IPHONEOS_DEPLOYMENT_TARGET = 13.2;
				MTL_ENABLE_DEBUG_INFO = INCLUDE_SOURCE;
				MTL_FAST_MATH = YES;
				ONLY_ACTIVE_ARCH = YES;
				SDKROOT = iphoneos;
			};
			name = Debug;
		};
		9693B4B123D2987E0037C38A /* Release */ = {
			isa = XCBuildConfiguration;
			buildSettings = {
				ALWAYS_SEARCH_USER_PATHS = NO;
				CLANG_ANALYZER_NONNULL = YES;
				CLANG_ANALYZER_NUMBER_OBJECT_CONVERSION = YES_AGGRESSIVE;
				CLANG_CXX_LANGUAGE_STANDARD = "gnu++14";
				CLANG_CXX_LIBRARY = "libc++";
				CLANG_ENABLE_MODULES = YES;
				CLANG_ENABLE_OBJC_ARC = YES;
				CLANG_ENABLE_OBJC_WEAK = YES;
				CLANG_WARN_BLOCK_CAPTURE_AUTORELEASING = YES;
				CLANG_WARN_BOOL_CONVERSION = YES;
				CLANG_WARN_COMMA = YES;
				CLANG_WARN_CONSTANT_CONVERSION = YES;
				CLANG_WARN_DEPRECATED_OBJC_IMPLEMENTATIONS = YES;
				CLANG_WARN_DIRECT_OBJC_ISA_USAGE = YES_ERROR;
				CLANG_WARN_DOCUMENTATION_COMMENTS = YES;
				CLANG_WARN_EMPTY_BODY = YES;
				CLANG_WARN_ENUM_CONVERSION = YES;
				CLANG_WARN_INFINITE_RECURSION = YES;
				CLANG_WARN_INT_CONVERSION = YES;
				CLANG_WARN_NON_LITERAL_NULL_CONVERSION = YES;
				CLANG_WARN_OBJC_IMPLICIT_RETAIN_SELF = YES;
				CLANG_WARN_OBJC_LITERAL_CONVERSION = YES;
				CLANG_WARN_OBJC_ROOT_CLASS = YES_ERROR;
				CLANG_WARN_RANGE_LOOP_ANALYSIS = YES;
				CLANG_WARN_STRICT_PROTOTYPES = YES;
				CLANG_WARN_SUSPICIOUS_MOVE = YES;
				CLANG_WARN_UNGUARDED_AVAILABILITY = YES_AGGRESSIVE;
				CLANG_WARN_UNREACHABLE_CODE = YES;
				CLANG_WARN__DUPLICATE_METHOD_MATCH = YES;
				COPY_PHASE_STRIP = NO;
				DEBUG_INFORMATION_FORMAT = "dwarf-with-dsym";
				DEVELOPMENT_TEAM = 8DGNFF8D7D;
				ENABLE_NS_ASSERTIONS = NO;
				ENABLE_STRICT_OBJC_MSGSEND = YES;
				GCC_C_LANGUAGE_STANDARD = gnu11;
				GCC_NO_COMMON_BLOCKS = YES;
				GCC_WARN_64_TO_32_BIT_CONVERSION = YES;
				GCC_WARN_ABOUT_RETURN_TYPE = YES_ERROR;
				GCC_WARN_UNDECLARED_SELECTOR = YES;
				GCC_WARN_UNINITIALIZED_AUTOS = YES_AGGRESSIVE;
				GCC_WARN_UNUSED_FUNCTION = YES;
				GCC_WARN_UNUSED_VARIABLE = YES;
				IPHONEOS_DEPLOYMENT_TARGET = 13.2;
				MTL_ENABLE_DEBUG_INFO = NO;
				MTL_FAST_MATH = YES;
				SDKROOT = iphoneos;
				VALIDATE_PRODUCT = YES;
			};
			name = Release;
		};
		9693B4B323D2987E0037C38A /* Debug */ = {
			isa = XCBuildConfiguration;
			baseConfigurationReference = C8A1B64584A3043F3C8ED202 /* Pods-Secret Santa Nonsense.debug.xcconfig */;
			buildSettings = {
				ASSETCATALOG_COMPILER_APPICON_NAME = AppIcon;
				CODE_SIGN_IDENTITY = "Apple Development";
				CODE_SIGN_STYLE = Automatic;
				DEVELOPMENT_TEAM = "";
				INFOPLIST_FILE = "Secret Santa Nonsense/Resources/Supporting/Info.plist";
				LD_RUNPATH_SEARCH_PATHS = (
					"$(inherited)",
					"@executable_path/Frameworks",
				);
				PRODUCT_BUNDLE_IDENTIFIER = "com.jay.rut.Secret-Santa-Nonsense";
				PRODUCT_NAME = "$(TARGET_NAME)";
				PROVISIONING_PROFILE_SPECIFIER = "";
				TARGETED_DEVICE_FAMILY = "1,2";
			};
			name = Debug;
		};
		9693B4B423D2987E0037C38A /* Release */ = {
			isa = XCBuildConfiguration;
			baseConfigurationReference = ED52968210284F3C76A6011F /* Pods-Secret Santa Nonsense.release.xcconfig */;
			buildSettings = {
				ASSETCATALOG_COMPILER_APPICON_NAME = AppIcon;
				CODE_SIGN_IDENTITY = "Apple Development";
				CODE_SIGN_STYLE = Automatic;
				DEVELOPMENT_TEAM = "";
				INFOPLIST_FILE = "Secret Santa Nonsense/Resources/Supporting/Info.plist";
				LD_RUNPATH_SEARCH_PATHS = (
					"$(inherited)",
					"@executable_path/Frameworks",
				);
				PRODUCT_BUNDLE_IDENTIFIER = "com.jay.rut.Secret-Santa-Nonsense";
				PRODUCT_NAME = "$(TARGET_NAME)";
				PROVISIONING_PROFILE_SPECIFIER = "";
				TARGETED_DEVICE_FAMILY = "1,2";
			};
			name = Release;
		};
		9693B4B623D2987E0037C38A /* Debug */ = {
			isa = XCBuildConfiguration;
			baseConfigurationReference = AE8516787141993CAEDC0F6B /* Pods-Secret Santa NonsenseTests.debug.xcconfig */;
			buildSettings = {
				BUNDLE_LOADER = "$(TEST_HOST)";
				CODE_SIGN_STYLE = Automatic;
				DEVELOPMENT_TEAM = 8DGNFF8D7D;
				INFOPLIST_FILE = "Secret Santa NonsenseTests/Info.plist";
				IPHONEOS_DEPLOYMENT_TARGET = 13.2;
				LD_RUNPATH_SEARCH_PATHS = (
					"$(inherited)",
					"@executable_path/Frameworks",
					"@loader_path/Frameworks",
				);
				PRODUCT_BUNDLE_IDENTIFIER = "com.jay.rut.Secret-Santa-NonsenseTests";
				PRODUCT_NAME = "$(TARGET_NAME)";
				TARGETED_DEVICE_FAMILY = "1,2";
				TEST_HOST = "$(BUILT_PRODUCTS_DIR)/Secret Santa Nonsense.app/Secret Santa Nonsense";
			};
			name = Debug;
		};
		9693B4B723D2987E0037C38A /* Release */ = {
			isa = XCBuildConfiguration;
			baseConfigurationReference = BD6EAF518E06876649D08F24 /* Pods-Secret Santa NonsenseTests.release.xcconfig */;
			buildSettings = {
				BUNDLE_LOADER = "$(TEST_HOST)";
				CODE_SIGN_STYLE = Automatic;
				DEVELOPMENT_TEAM = 8DGNFF8D7D;
				INFOPLIST_FILE = "Secret Santa NonsenseTests/Info.plist";
				IPHONEOS_DEPLOYMENT_TARGET = 13.2;
				LD_RUNPATH_SEARCH_PATHS = (
					"$(inherited)",
					"@executable_path/Frameworks",
					"@loader_path/Frameworks",
				);
				PRODUCT_BUNDLE_IDENTIFIER = "com.jay.rut.Secret-Santa-NonsenseTests";
				PRODUCT_NAME = "$(TARGET_NAME)";
				TARGETED_DEVICE_FAMILY = "1,2";
				TEST_HOST = "$(BUILT_PRODUCTS_DIR)/Secret Santa Nonsense.app/Secret Santa Nonsense";
			};
			name = Release;
		};
		9693B4B923D2987E0037C38A /* Debug */ = {
			isa = XCBuildConfiguration;
			baseConfigurationReference = FCFF22BCAC529DA29E6B3963 /* Pods-Secret Santa Nonsense-Secret Santa NonsenseUITests.debug.xcconfig */;
			buildSettings = {
				CODE_SIGN_STYLE = Automatic;
				DEVELOPMENT_TEAM = 8DGNFF8D7D;
				INFOPLIST_FILE = "Secret Santa NonsenseUITests/Info.plist";
				LD_RUNPATH_SEARCH_PATHS = (
					"$(inherited)",
					"@executable_path/Frameworks",
					"@loader_path/Frameworks",
				);
				PRODUCT_BUNDLE_IDENTIFIER = "com.jay.rut.Secret-Santa-NonsenseUITests";
				PRODUCT_NAME = "$(TARGET_NAME)";
				TARGETED_DEVICE_FAMILY = "1,2";
				TEST_TARGET_NAME = "Secret Santa Nonsense";
			};
			name = Debug;
		};
		9693B4BA23D2987E0037C38A /* Release */ = {
			isa = XCBuildConfiguration;
			baseConfigurationReference = D43CE951816E34F9A12EB4BD /* Pods-Secret Santa Nonsense-Secret Santa NonsenseUITests.release.xcconfig */;
			buildSettings = {
				CODE_SIGN_STYLE = Automatic;
				DEVELOPMENT_TEAM = 8DGNFF8D7D;
				INFOPLIST_FILE = "Secret Santa NonsenseUITests/Info.plist";
				LD_RUNPATH_SEARCH_PATHS = (
					"$(inherited)",
					"@executable_path/Frameworks",
					"@loader_path/Frameworks",
				);
				PRODUCT_BUNDLE_IDENTIFIER = "com.jay.rut.Secret-Santa-NonsenseUITests";
				PRODUCT_NAME = "$(TARGET_NAME)";
				TARGETED_DEVICE_FAMILY = "1,2";
				TEST_TARGET_NAME = "Secret Santa Nonsense";
			};
			name = Release;
		};
/* End XCBuildConfiguration section */

/* Begin XCConfigurationList section */
		9693B47E23D298790037C38A /* Build configuration list for PBXProject "Secret Santa Nonsense" */ = {
			isa = XCConfigurationList;
			buildConfigurations = (
				9693B4B023D2987E0037C38A /* Debug */,
				9693B4B123D2987E0037C38A /* Release */,
			);
			defaultConfigurationIsVisible = 0;
			defaultConfigurationName = Release;
		};
		9693B4B223D2987E0037C38A /* Build configuration list for PBXNativeTarget "Secret Santa Nonsense" */ = {
			isa = XCConfigurationList;
			buildConfigurations = (
				9693B4B323D2987E0037C38A /* Debug */,
				9693B4B423D2987E0037C38A /* Release */,
			);
			defaultConfigurationIsVisible = 0;
			defaultConfigurationName = Release;
		};
		9693B4B523D2987E0037C38A /* Build configuration list for PBXNativeTarget "Secret Santa NonsenseTests" */ = {
			isa = XCConfigurationList;
			buildConfigurations = (
				9693B4B623D2987E0037C38A /* Debug */,
				9693B4B723D2987E0037C38A /* Release */,
			);
			defaultConfigurationIsVisible = 0;
			defaultConfigurationName = Release;
		};
		9693B4B823D2987E0037C38A /* Build configuration list for PBXNativeTarget "Secret Santa NonsenseUITests" */ = {
			isa = XCConfigurationList;
			buildConfigurations = (
				9693B4B923D2987E0037C38A /* Debug */,
				9693B4BA23D2987E0037C38A /* Release */,
			);
			defaultConfigurationIsVisible = 0;
			defaultConfigurationName = Release;
		};
/* End XCConfigurationList section */
	};
	rootObject = 9693B47B23D298790037C38A /* Project object */;
}
